
Microsoft Visual Studio Solution File, Format Version 12.00
# Visual Studio Version 17
VisualStudioVersion = 17.7.34221.43
MinimumVisualStudioVersion = 10.0.40219.1
Project("{FAE04EC0-301F-11D3-BF4B-00C04F79EFBC}") = "ManagingSchl", "ManagingSchl\ManagingSchl.csproj", "{8C013CF3-17EB-41FF-B7D1-46AD057F635A}"
EndProject
Global
	GlobalSection(SolutionConfigurationPlatforms) = preSolution
		Debug|Any CPU = Debug|Any CPU
		Release|Any CPU = Release|Any CPU
	EndGlobalSection
	GlobalSection(ProjectConfigurationPlatforms) = postSolution
		{8C013CF3-17EB-41FF-B7D1-46AD057F635A}.Debug|Any CPU.ActiveCfg = Debug|Any CPU
		{8C013CF3-17EB-41FF-B7D1-46AD057F635A}.Debug|Any CPU.Build.0 = Debug|Any CPU
		{8C013CF3-17EB-41FF-B7D1-46AD057F635A}.Release|Any CPU.ActiveCfg = Release|Any CPU
		{8C013CF3-17EB-41FF-B7D1-46AD057F635A}.Release|Any CPU.Build.0 = Release|Any CPU
	EndGlobalSection
	GlobalSection(SolutionProperties) = preSolution
		HideSolutionNode = FALSE
	EndGlobalSection
	GlobalSection(ExtensibilityGlobals) = postSolution
		SolutionGuid = {C4FE9EEC-7071-4D9C-A5A1-6B745EA0B630}
	EndGlobalSection
EndGlobal
